
Microsoft Visual Studio Solution File, Format Version 12.00
# Visual Studio Version 17
VisualStudioVersion = 17.11.35327.3
MinimumVisualStudioVersion = 10.0.40219.1
Project("{FAE04EC0-301F-11D3-BF4B-00C04F79EFBC}") = "Compañia", "Compañia\Compañia.csproj", "{2C1CC601-AD40-47FF-A6A5-79B71151E971}"
EndProject
Global
	GlobalSection(SolutionConfigurationPlatforms) = preSolution
		Debug|Any CPU = Debug|Any CPU
		Release|Any CPU = Release|Any CPU
	EndGlobalSection
	GlobalSection(ProjectConfigurationPlatforms) = postSolution
		{2C1CC601-AD40-47FF-A6A5-79B71151E971}.Debug|Any CPU.ActiveCfg = Debug|Any CPU
		{2C1CC601-AD40-47FF-A6A5-79B71151E971}.Debug|Any CPU.Build.0 = Debug|Any CPU
		{2C1CC601-AD40-47FF-A6A5-79B71151E971}.Release|Any CPU.ActiveCfg = Release|Any CPU
		{2C1CC601-AD40-47FF-A6A5-79B71151E971}.Release|Any CPU.Build.0 = Release|Any CPU
	EndGlobalSection
	GlobalSection(SolutionProperties) = preSolution
		HideSolutionNode = FALSE
	EndGlobalSection
	GlobalSection(ExtensibilityGlobals) = postSolution
		SolutionGuid = {C4C1AA8E-2AF3-4B4A-965A-CB83EE5B4627}
	EndGlobalSection
EndGlobal
